
Microsoft Visual Studio Solution File, Format Version 12.00
# Visual Studio Version 17
VisualStudioVersion = 17.11.35222.181
MinimumVisualStudioVersion = 10.0.40219.1
Project("{9A19103F-16F7-4668-BE54-9A1E7A4F7556}") = "Boilerplate.Beta.Core", "Boilerplate.Beta.Core\Boilerplate.Beta.Core.csproj", "{18215CEA-48FC-4B0D-99DD-D031FFF76699}"
EndProject
Project("{9A19103F-16F7-4668-BE54-9A1E7A4F7556}") = "Boilerplate.Beta.Core.Tests", "Boilerplate.Beta.Core.Tests\Boilerplate.Beta.Core.Tests.csproj", "{DACFF34B-E4A7-4BD0-A9DE-9AA0AACCD395}"
EndProject
Global
	GlobalSection(SolutionConfigurationPlatforms) = preSolution
		Debug|Any CPU = Debug|Any CPU
		Release|Any CPU = Release|Any CPU
	EndGlobalSection
	GlobalSection(ProjectConfigurationPlatforms) = postSolution
		{18215CEA-48FC-4B0D-99DD-D031FFF76699}.Debug|Any CPU.ActiveCfg = Debug|Any CPU
		{18215CEA-48FC-4B0D-99DD-D031FFF76699}.Debug|Any CPU.Build.0 = Debug|Any CPU
		{18215CEA-48FC-4B0D-99DD-D031FFF76699}.Release|Any CPU.ActiveCfg = Release|Any CPU
		{18215CEA-48FC-4B0D-99DD-D031FFF76699}.Release|Any CPU.Build.0 = Release|Any CPU
		{DACFF34B-E4A7-4BD0-A9DE-9AA0AACCD395}.Debug|Any CPU.ActiveCfg = Debug|Any CPU
		{DACFF34B-E4A7-4BD0-A9DE-9AA0AACCD395}.Debug|Any CPU.Build.0 = Debug|Any CPU
		{DACFF34B-E4A7-4BD0-A9DE-9AA0AACCD395}.Release|Any CPU.ActiveCfg = Release|Any CPU
		{DACFF34B-E4A7-4BD0-A9DE-9AA0AACCD395}.Release|Any CPU.Build.0 = Release|Any CPU
	EndGlobalSection
	GlobalSection(SolutionProperties) = preSolution
		HideSolutionNode = FALSE
	EndGlobalSection
	GlobalSection(ExtensibilityGlobals) = postSolution
		SolutionGuid = {C11EA2C2-6936-4CEC-BF74-92BCC0ECA597}
	EndGlobalSection
EndGlobal
